
Microsoft Visual Studio Solution File, Format Version 12.00
# Visual Studio 15
VisualStudioVersion = 15.0.28010.2003
MinimumVisualStudioVersion = 10.0.40219.1
Project("{FAE04EC0-301F-11D3-BF4B-00C04F79EFBC}") = "WebApiFirst", "WebApiFirst\WebApiFirst.csproj", "{CCD6F5B1-DCD2-4EF3-8E8A-308000CDBB9D}"
EndProject
Global
	GlobalSection(SolutionConfigurationPlatforms) = preSolution
		Debug|Any CPU = Debug|Any CPU
		Release|Any CPU = Release|Any CPU
	EndGlobalSection
	GlobalSection(ProjectConfigurationPlatforms) = postSolution
		{CCD6F5B1-DCD2-4EF3-8E8A-308000CDBB9D}.Debug|Any CPU.ActiveCfg = Debug|Any CPU
		{CCD6F5B1-DCD2-4EF3-8E8A-308000CDBB9D}.Debug|Any CPU.Build.0 = Debug|Any CPU
		{CCD6F5B1-DCD2-4EF3-8E8A-308000CDBB9D}.Release|Any CPU.ActiveCfg = Release|Any CPU
		{CCD6F5B1-DCD2-4EF3-8E8A-308000CDBB9D}.Release|Any CPU.Build.0 = Release|Any CPU
	EndGlobalSection
	GlobalSection(SolutionProperties) = preSolution
		HideSolutionNode = FALSE
	EndGlobalSection
	GlobalSection(ExtensibilityGlobals) = postSolution
		SolutionGuid = {1FD78AE8-6BFF-485D-A03F-2C631C32CA9F}
	EndGlobalSection
EndGlobal
